// !$*UTF8*$!
{
	archiveVersion = 1;
	classes = {
	};
	objectVersion = 56;
	objects = {

/* Begin PBXBuildFile section */
		296083EA2C28B60C001EFCF7 /* apiInterfaceDrinks.swift in Sources */ = {isa = PBXBuildFile; fileRef = 296083E92C28B60C001EFCF7 /* apiInterfaceDrinks.swift */; };
		2965B6212C2E03CA00DB870C /* apiInterfaceGoals.swift in Sources */ = {isa = PBXBuildFile; fileRef = 2965B6202C2E03CA00DB870C /* apiInterfaceGoals.swift */; };
		2965B6232C2E330000DB870C /* apiInterfaceUsers.swift in Sources */ = {isa = PBXBuildFile; fileRef = 2965B6222C2E330000DB870C /* apiInterfaceUsers.swift */; };
		2965B6252C2FC2F500DB870C /* apiInterfaceNutritionLog.swift in Sources */ = {isa = PBXBuildFile; fileRef = 2965B6242C2FC2F500DB870C /* apiInterfaceNutritionLog.swift */; };
		29A437442C2279C200F73DBA /* Assets.xcassets in Resources */ = {isa = PBXBuildFile; fileRef = 29A437432C2279C200F73DBA /* Assets.xcassets */; };
		29A437472C2279C200F73DBA /* Preview Assets.xcassets in Resources */ = {isa = PBXBuildFile; fileRef = 29A437462C2279C200F73DBA /* Preview Assets.xcassets */; };
		29A437512C2279C200F73DBA /* newmacrotrackerfrontTests.swift in Sources */ = {isa = PBXBuildFile; fileRef = 29A437502C2279C200F73DBA /* newmacrotrackerfrontTests.swift */; };
		29A4375B2C2279C200F73DBA /* newmacrotrackerfrontUITests.swift in Sources */ = {isa = PBXBuildFile; fileRef = 29A4375A2C2279C200F73DBA /* newmacrotrackerfrontUITests.swift */; };
		29A4375D2C2279C200F73DBA /* newmacrotrackerfrontUITestsLaunchTests.swift in Sources */ = {isa = PBXBuildFile; fileRef = 29A4375C2C2279C200F73DBA /* newmacrotrackerfrontUITestsLaunchTests.swift */; };
		29A437742C227A0200F73DBA /* NutritionLogView.swift in Sources */ = {isa = PBXBuildFile; fileRef = 29A437692C227A0200F73DBA /* NutritionLogView.swift */; };
		29A437752C227A0200F73DBA /* HomeView.swift in Sources */ = {isa = PBXBuildFile; fileRef = 29A4376A2C227A0200F73DBA /* HomeView.swift */; };
		29A437762C227A0200F73DBA /* InventoryView.swift in Sources */ = {isa = PBXBuildFile; fileRef = 29A4376B2C227A0200F73DBA /* InventoryView.swift */; };
		29A437772C227A0200F73DBA /* InventoryViewModel.swift in Sources */ = {isa = PBXBuildFile; fileRef = 29A4376C2C227A0200F73DBA /* InventoryViewModel.swift */; };
		29A437782C227A0200F73DBA /* ProfileView.swift in Sources */ = {isa = PBXBuildFile; fileRef = 29A4376D2C227A0200F73DBA /* ProfileView.swift */; };
		29A437792C227A0200F73DBA /* WelcomeView.swift in Sources */ = {isa = PBXBuildFile; fileRef = 29A4376E2C227A0200F73DBA /* WelcomeView.swift */; };
		29A4377A2C227A0200F73DBA /* macrotrackerApp.swift in Sources */ = {isa = PBXBuildFile; fileRef = 29A4376F2C227A0200F73DBA /* macrotrackerApp.swift */; };
		29A4377B2C227A0200F73DBA /* apiInterfaceFoods.swift in Sources */ = {isa = PBXBuildFile; fileRef = 29A437702C227A0200F73DBA /* apiInterfaceFoods.swift */; };
		29A4377C2C227A0200F73DBA /* GoalView.swift in Sources */ = {isa = PBXBuildFile; fileRef = 29A437712C227A0200F73DBA /* GoalView.swift */; };
		29A4377D2C227A0200F73DBA /* LoginView.swift in Sources */ = {isa = PBXBuildFile; fileRef = 29A437722C227A0200F73DBA /* LoginView.swift */; };
		29A4377E2C227A0200F73DBA /* SignUpView.swift in Sources */ = {isa = PBXBuildFile; fileRef = 29A437732C227A0200F73DBA /* SignUpView.swift */; };
/* End PBXBuildFile section */

/* Begin PBXContainerItemProxy section */
		29A4374D2C2279C200F73DBA /* PBXContainerItemProxy */ = {
			isa = PBXContainerItemProxy;
			containerPortal = 29A437342C2279C000F73DBA /* Project object */;
			proxyType = 1;
			remoteGlobalIDString = 29A4373B2C2279C000F73DBA;
			remoteInfo = newmacrotrackerfront;
		};
		29A437572C2279C200F73DBA /* PBXContainerItemProxy */ = {
			isa = PBXContainerItemProxy;
			containerPortal = 29A437342C2279C000F73DBA /* Project object */;
			proxyType = 1;
			remoteGlobalIDString = 29A4373B2C2279C000F73DBA;
			remoteInfo = newmacrotrackerfront;
		};
/* End PBXContainerItemProxy section */

/* Begin PBXFileReference section */
		296083E92C28B60C001EFCF7 /* apiInterfaceDrinks.swift */ = {isa = PBXFileReference; lastKnownFileType = sourcecode.swift; path = apiInterfaceDrinks.swift; sourceTree = "<group>"; };
		2965B6202C2E03CA00DB870C /* apiInterfaceGoals.swift */ = {isa = PBXFileReference; lastKnownFileType = sourcecode.swift; path = apiInterfaceGoals.swift; sourceTree = "<group>"; };
		2965B6222C2E330000DB870C /* apiInterfaceUsers.swift */ = {isa = PBXFileReference; lastKnownFileType = sourcecode.swift; path = apiInterfaceUsers.swift; sourceTree = "<group>"; };
		2965B6242C2FC2F500DB870C /* apiInterfaceNutritionLog.swift */ = {isa = PBXFileReference; lastKnownFileType = sourcecode.swift; path = apiInterfaceNutritionLog.swift; sourceTree = "<group>"; };
		29A4373C2C2279C000F73DBA /* newmacrotrackerfront.app */ = {isa = PBXFileReference; explicitFileType = wrapper.application; includeInIndex = 0; path = newmacrotrackerfront.app; sourceTree = BUILT_PRODUCTS_DIR; };
		29A437432C2279C200F73DBA /* Assets.xcassets */ = {isa = PBXFileReference; lastKnownFileType = folder.assetcatalog; path = Assets.xcassets; sourceTree = "<group>"; };
		29A437462C2279C200F73DBA /* Preview Assets.xcassets */ = {isa = PBXFileReference; lastKnownFileType = folder.assetcatalog; path = "Preview Assets.xcassets"; sourceTree = "<group>"; };
		29A4374C2C2279C200F73DBA /* newmacrotrackerfrontTests.xctest */ = {isa = PBXFileReference; explicitFileType = wrapper.cfbundle; includeInIndex = 0; path = newmacrotrackerfrontTests.xctest; sourceTree = BUILT_PRODUCTS_DIR; };
		29A437502C2279C200F73DBA /* newmacrotrackerfrontTests.swift */ = {isa = PBXFileReference; lastKnownFileType = sourcecode.swift; path = newmacrotrackerfrontTests.swift; sourceTree = "<group>"; };
		29A437562C2279C200F73DBA /* newmacrotrackerfrontUITests.xctest */ = {isa = PBXFileReference; explicitFileType = wrapper.cfbundle; includeInIndex = 0; path = newmacrotrackerfrontUITests.xctest; sourceTree = BUILT_PRODUCTS_DIR; };
		29A4375A2C2279C200F73DBA /* newmacrotrackerfrontUITests.swift */ = {isa = PBXFileReference; lastKnownFileType = sourcecode.swift; path = newmacrotrackerfrontUITests.swift; sourceTree = "<group>"; };
		29A4375C2C2279C200F73DBA /* newmacrotrackerfrontUITestsLaunchTests.swift */ = {isa = PBXFileReference; lastKnownFileType = sourcecode.swift; path = newmacrotrackerfrontUITestsLaunchTests.swift; sourceTree = "<group>"; };
		29A437692C227A0200F73DBA /* NutritionLogView.swift */ = {isa = PBXFileReference; fileEncoding = 4; lastKnownFileType = sourcecode.swift; name = NutritionLogView.swift; path = swiftfiles/NutritionLogView.swift; sourceTree = SOURCE_ROOT; };
		29A4376A2C227A0200F73DBA /* HomeView.swift */ = {isa = PBXFileReference; fileEncoding = 4; lastKnownFileType = sourcecode.swift; name = HomeView.swift; path = swiftfiles/HomeView.swift; sourceTree = SOURCE_ROOT; };
		29A4376B2C227A0200F73DBA /* InventoryView.swift */ = {isa = PBXFileReference; fileEncoding = 4; lastKnownFileType = sourcecode.swift; name = InventoryView.swift; path = swiftfiles/InventoryView.swift; sourceTree = SOURCE_ROOT; };
		29A4376C2C227A0200F73DBA /* InventoryViewModel.swift */ = {isa = PBXFileReference; fileEncoding = 4; lastKnownFileType = sourcecode.swift; name = InventoryViewModel.swift; path = swiftfiles/InventoryViewModel.swift; sourceTree = SOURCE_ROOT; };
		29A4376D2C227A0200F73DBA /* ProfileView.swift */ = {isa = PBXFileReference; fileEncoding = 4; lastKnownFileType = sourcecode.swift; name = ProfileView.swift; path = swiftfiles/ProfileView.swift; sourceTree = SOURCE_ROOT; };
		29A4376E2C227A0200F73DBA /* WelcomeView.swift */ = {isa = PBXFileReference; fileEncoding = 4; lastKnownFileType = sourcecode.swift; name = WelcomeView.swift; path = swiftfiles/WelcomeView.swift; sourceTree = SOURCE_ROOT; };
		29A4376F2C227A0200F73DBA /* macrotrackerApp.swift */ = {isa = PBXFileReference; fileEncoding = 4; lastKnownFileType = sourcecode.swift; name = macrotrackerApp.swift; path = swiftfiles/macrotrackerApp.swift; sourceTree = SOURCE_ROOT; };
		29A437702C227A0200F73DBA /* apiInterfaceFoods.swift */ = {isa = PBXFileReference; fileEncoding = 4; lastKnownFileType = sourcecode.swift; name = apiInterfaceFoods.swift; path = swiftfiles/apiInterfaceFoods.swift; sourceTree = SOURCE_ROOT; };
		29A437712C227A0200F73DBA /* GoalView.swift */ = {isa = PBXFileReference; fileEncoding = 4; lastKnownFileType = sourcecode.swift; name = GoalView.swift; path = swiftfiles/GoalView.swift; sourceTree = SOURCE_ROOT; };
		29A437722C227A0200F73DBA /* LoginView.swift */ = {isa = PBXFileReference; fileEncoding = 4; lastKnownFileType = sourcecode.swift; name = LoginView.swift; path = swiftfiles/LoginView.swift; sourceTree = SOURCE_ROOT; };
		29A437732C227A0200F73DBA /* SignUpView.swift */ = {isa = PBXFileReference; fileEncoding = 4; lastKnownFileType = sourcecode.swift; name = SignUpView.swift; path = swiftfiles/SignUpView.swift; sourceTree = SOURCE_ROOT; };
/* End PBXFileReference section */

/* Begin PBXFrameworksBuildPhase section */
		29A437392C2279C000F73DBA /* Frameworks */ = {
			isa = PBXFrameworksBuildPhase;
			buildActionMask = 2147483647;
			files = (
			);
			runOnlyForDeploymentPostprocessing = 0;
		};
		29A437492C2279C200F73DBA /* Frameworks */ = {
			isa = PBXFrameworksBuildPhase;
			buildActionMask = 2147483647;
			files = (
			);
			runOnlyForDeploymentPostprocessing = 0;
		};
		29A437532C2279C200F73DBA /* Frameworks */ = {
			isa = PBXFrameworksBuildPhase;
			buildActionMask = 2147483647;
			files = (
			);
			runOnlyForDeploymentPostprocessing = 0;
		};
/* End PBXFrameworksBuildPhase section */

/* Begin PBXGroup section */
		29A437332C2279C000F73DBA = {
			isa = PBXGroup;
			children = (
				29A4373E2C2279C000F73DBA /* newmacrotrackerfront */,
				29A4374F2C2279C200F73DBA /* newmacrotrackerfrontTests */,
				29A437592C2279C200F73DBA /* newmacrotrackerfrontUITests */,
				29A4373D2C2279C000F73DBA /* Products */,
			);
			sourceTree = "<group>";
		};
		29A4373D2C2279C000F73DBA /* Products */ = {
			isa = PBXGroup;
			children = (
				29A4373C2C2279C000F73DBA /* newmacrotrackerfront.app */,
				29A4374C2C2279C200F73DBA /* newmacrotrackerfrontTests.xctest */,
				29A437562C2279C200F73DBA /* newmacrotrackerfrontUITests.xctest */,
			);
			name = Products;
			sourceTree = "<group>";
		};
		29A4373E2C2279C000F73DBA /* newmacrotrackerfront */ = {
			isa = PBXGroup;
			children = (
				29A4376F2C227A0200F73DBA /* macrotrackerApp.swift */,
				29A437702C227A0200F73DBA /* apiInterfaceFoods.swift */,
				296083E92C28B60C001EFCF7 /* apiInterfaceDrinks.swift */,
				2965B6202C2E03CA00DB870C /* apiInterfaceGoals.swift */,
				2965B6222C2E330000DB870C /* apiInterfaceUsers.swift */,
				29A4376C2C227A0200F73DBA /* InventoryViewModel.swift */,
				29A4376E2C227A0200F73DBA /* WelcomeView.swift */,
				29A437732C227A0200F73DBA /* SignUpView.swift */,
				29A437722C227A0200F73DBA /* LoginView.swift */,
				29A4376A2C227A0200F73DBA /* HomeView.swift */,
				29A4376B2C227A0200F73DBA /* InventoryView.swift */,
				29A437692C227A0200F73DBA /* NutritionLogView.swift */,
				29A4376D2C227A0200F73DBA /* ProfileView.swift */,
				29A437712C227A0200F73DBA /* GoalView.swift */,
				29A437432C2279C200F73DBA /* Assets.xcassets */,
				29A437452C2279C200F73DBA /* Preview Content */,
				2965B6242C2FC2F500DB870C /* apiInterfaceNutritionLog.swift */,
			);
			path = newmacrotrackerfront;
			sourceTree = "<group>";
		};
		29A437452C2279C200F73DBA /* Preview Content */ = {
			isa = PBXGroup;
			children = (
				29A437462C2279C200F73DBA /* Preview Assets.xcassets */,
			);
			path = "Preview Content";
			sourceTree = "<group>";
		};
		29A4374F2C2279C200F73DBA /* newmacrotrackerfrontTests */ = {
			isa = PBXGroup;
			children = (
				29A437502C2279C200F73DBA /* newmacrotrackerfrontTests.swift */,
			);
			path = newmacrotrackerfrontTests;
			sourceTree = "<group>";
		};
		29A437592C2279C200F73DBA /* newmacrotrackerfrontUITests */ = {
			isa = PBXGroup;
			children = (
				29A4375A2C2279C200F73DBA /* newmacrotrackerfrontUITests.swift */,
				29A4375C2C2279C200F73DBA /* newmacrotrackerfrontUITestsLaunchTests.swift */,
			);
			path = newmacrotrackerfrontUITests;
			sourceTree = "<group>";
		};
/* End PBXGroup section */

/* Begin PBXNativeTarget section */
		29A4373B2C2279C000F73DBA /* newmacrotrackerfront */ = {
			isa = PBXNativeTarget;
			buildConfigurationList = 29A437602C2279C200F73DBA /* Build configuration list for PBXNativeTarget "newmacrotrackerfront" */;
			buildPhases = (
				29A437382C2279C000F73DBA /* Sources */,
				29A437392C2279C000F73DBA /* Frameworks */,
				29A4373A2C2279C000F73DBA /* Resources */,
			);
			buildRules = (
			);
			dependencies = (
			);
			name = newmacrotrackerfront;
			productName = newmacrotrackerfront;
			productReference = 29A4373C2C2279C000F73DBA /* newmacrotrackerfront.app */;
			productType = "com.apple.product-type.application";
		};
		29A4374B2C2279C200F73DBA /* newmacrotrackerfrontTests */ = {
			isa = PBXNativeTarget;
			buildConfigurationList = 29A437632C2279C200F73DBA /* Build configuration list for PBXNativeTarget "newmacrotrackerfrontTests" */;
			buildPhases = (
				29A437482C2279C200F73DBA /* Sources */,
				29A437492C2279C200F73DBA /* Frameworks */,
				29A4374A2C2279C200F73DBA /* Resources */,
			);
			buildRules = (
			);
			dependencies = (
				29A4374E2C2279C200F73DBA /* PBXTargetDependency */,
			);
			name = newmacrotrackerfrontTests;
			productName = newmacrotrackerfrontTests;
			productReference = 29A4374C2C2279C200F73DBA /* newmacrotrackerfrontTests.xctest */;
			productType = "com.apple.product-type.bundle.unit-test";
		};
		29A437552C2279C200F73DBA /* newmacrotrackerfrontUITests */ = {
			isa = PBXNativeTarget;
			buildConfigurationList = 29A437662C2279C200F73DBA /* Build configuration list for PBXNativeTarget "newmacrotrackerfrontUITests" */;
			buildPhases = (
				29A437522C2279C200F73DBA /* Sources */,
				29A437532C2279C200F73DBA /* Frameworks */,
				29A437542C2279C200F73DBA /* Resources */,
			);
			buildRules = (
			);
			dependencies = (
				29A437582C2279C200F73DBA /* PBXTargetDependency */,
			);
			name = newmacrotrackerfrontUITests;
			productName = newmacrotrackerfrontUITests;
			productReference = 29A437562C2279C200F73DBA /* newmacrotrackerfrontUITests.xctest */;
			productType = "com.apple.product-type.bundle.ui-testing";
		};
/* End PBXNativeTarget section */

/* Begin PBXProject section */
		29A437342C2279C000F73DBA /* Project object */ = {
			isa = PBXProject;
			attributes = {
				BuildIndependentTargetsInParallel = 1;
				LastSwiftUpdateCheck = 1540;
				LastUpgradeCheck = 1540;
				TargetAttributes = {
					29A4373B2C2279C000F73DBA = {
						CreatedOnToolsVersion = 15.4;
						LastSwiftMigration = 1540;
					};
					29A4374B2C2279C200F73DBA = {
						CreatedOnToolsVersion = 15.4;
						TestTargetID = 29A4373B2C2279C000F73DBA;
					};
					29A437552C2279C200F73DBA = {
						CreatedOnToolsVersion = 15.4;
						TestTargetID = 29A4373B2C2279C000F73DBA;
					};
				};
			};
			buildConfigurationList = 29A437372C2279C000F73DBA /* Build configuration list for PBXProject "newmacrotrackerfront" */;
			compatibilityVersion = "Xcode 14.0";
			developmentRegion = en;
			hasScannedForEncodings = 0;
			knownRegions = (
				en,
				Base,
			);
			mainGroup = 29A437332C2279C000F73DBA;
			productRefGroup = 29A4373D2C2279C000F73DBA /* Products */;
			projectDirPath = "";
			projectRoot = "";
			targets = (
				29A4373B2C2279C000F73DBA /* newmacrotrackerfront */,
				29A4374B2C2279C200F73DBA /* newmacrotrackerfrontTests */,
				29A437552C2279C200F73DBA /* newmacrotrackerfrontUITests */,
			);
		};
/* End PBXProject section */

/* Begin PBXResourcesBuildPhase section */
		29A4373A2C2279C000F73DBA /* Resources */ = {
			isa = PBXResourcesBuildPhase;
			buildActionMask = 2147483647;
			files = (
				29A437472C2279C200F73DBA /* Preview Assets.xcassets in Resources */,
				29A437442C2279C200F73DBA /* Assets.xcassets in Resources */,
			);
			runOnlyForDeploymentPostprocessing = 0;
		};
		29A4374A2C2279C200F73DBA /* Resources */ = {
			isa = PBXResourcesBuildPhase;
			buildActionMask = 2147483647;
			files = (
			);
			runOnlyForDeploymentPostprocessing = 0;
		};
		29A437542C2279C200F73DBA /* Resources */ = {
			isa = PBXResourcesBuildPhase;
			buildActionMask = 2147483647;
			files = (
			);
			runOnlyForDeploymentPostprocessing = 0;
		};
/* End PBXResourcesBuildPhase section */

/* Begin PBXSourcesBuildPhase section */
		29A437382C2279C000F73DBA /* Sources */ = {
			isa = PBXSourcesBuildPhase;
			buildActionMask = 2147483647;
			files = (
				29A4377B2C227A0200F73DBA /* apiInterfaceFoods.swift in Sources */,
				296083EA2C28B60C001EFCF7 /* apiInterfaceDrinks.swift in Sources */,
				29A437762C227A0200F73DBA /* InventoryView.swift in Sources */,
				2965B6252C2FC2F500DB870C /* apiInterfaceNutritionLog.swift in Sources */,
				2965B6212C2E03CA00DB870C /* apiInterfaceGoals.swift in Sources */,
				29A437792C227A0200F73DBA /* WelcomeView.swift in Sources */,
				29A437772C227A0200F73DBA /* InventoryViewModel.swift in Sources */,
				29A437782C227A0200F73DBA /* ProfileView.swift in Sources */,
				29A4377E2C227A0200F73DBA /* SignUpView.swift in Sources */,
				29A437742C227A0200F73DBA /* NutritionLogView.swift in Sources */,
				29A4377A2C227A0200F73DBA /* macrotrackerApp.swift in Sources */,
				29A4377C2C227A0200F73DBA /* GoalView.swift in Sources */,
				29A4377D2C227A0200F73DBA /* LoginView.swift in Sources */,
				29A437752C227A0200F73DBA /* HomeView.swift in Sources */,
				2965B6232C2E330000DB870C /* apiInterfaceUsers.swift in Sources */,
			);
			runOnlyForDeploymentPostprocessing = 0;
		};
		29A437482C2279C200F73DBA /* Sources */ = {
			isa = PBXSourcesBuildPhase;
			buildActionMask = 2147483647;
			files = (
				29A437512C2279C200F73DBA /* newmacrotrackerfrontTests.swift in Sources */,
			);
			runOnlyForDeploymentPostprocessing = 0;
		};
		29A437522C2279C200F73DBA /* Sources */ = {
			isa = PBXSourcesBuildPhase;
			buildActionMask = 2147483647;
			files = (
				29A4375B2C2279C200F73DBA /* newmacrotrackerfrontUITests.swift in Sources */,
				29A4375D2C2279C200F73DBA /* newmacrotrackerfrontUITestsLaunchTests.swift in Sources */,
			);
			runOnlyForDeploymentPostprocessing = 0;
		};
/* End PBXSourcesBuildPhase section */

/* Begin PBXTargetDependency section */
		29A4374E2C2279C200F73DBA /* PBXTargetDependency */ = {
			isa = PBXTargetDependency;
			target = 29A4373B2C2279C000F73DBA /* newmacrotrackerfront */;
			targetProxy = 29A4374D2C2279C200F73DBA /* PBXContainerItemProxy */;
		};
		29A437582C2279C200F73DBA /* PBXTargetDependency */ = {
			isa = PBXTargetDependency;
			target = 29A4373B2C2279C000F73DBA /* newmacrotrackerfront */;
			targetProxy = 29A437572C2279C200F73DBA /* PBXContainerItemProxy */;
		};
/* End PBXTargetDependency section */

/* Begin XCBuildConfiguration section */
		29A4375E2C2279C200F73DBA /* Debug */ = {
			isa = XCBuildConfiguration;
			buildSettings = {
				ALWAYS_SEARCH_USER_PATHS = NO;
				ASSETCATALOG_COMPILER_GENERATE_SWIFT_ASSET_SYMBOL_EXTENSIONS = YES;
				CLANG_ANALYZER_NONNULL = YES;
				CLANG_ANALYZER_NUMBER_OBJECT_CONVERSION = YES_AGGRESSIVE;
				CLANG_CXX_LANGUAGE_STANDARD = "gnu++20";
				CLANG_ENABLE_MODULES = YES;
				CLANG_ENABLE_OBJC_ARC = YES;
				CLANG_ENABLE_OBJC_WEAK = YES;
				CLANG_WARN_BLOCK_CAPTURE_AUTORELEASING = YES;
				CLANG_WARN_BOOL_CONVERSION = YES;
				CLANG_WARN_COMMA = YES;
				CLANG_WARN_CONSTANT_CONVERSION = YES;
				CLANG_WARN_DEPRECATED_OBJC_IMPLEMENTATIONS = YES;
				CLANG_WARN_DIRECT_OBJC_ISA_USAGE = YES_ERROR;
				CLANG_WARN_DOCUMENTATION_COMMENTS = YES;
				CLANG_WARN_EMPTY_BODY = YES;
				CLANG_WARN_ENUM_CONVERSION = YES;
				CLANG_WARN_INFINITE_RECURSION = YES;
				CLANG_WARN_INT_CONVERSION = YES;
				CLANG_WARN_NON_LITERAL_NULL_CONVERSION = YES;
				CLANG_WARN_OBJC_IMPLICIT_RETAIN_SELF = YES;
				CLANG_WARN_OBJC_LITERAL_CONVERSION = YES;
				CLANG_WARN_OBJC_ROOT_CLASS = YES_ERROR;
				CLANG_WARN_QUOTED_INCLUDE_IN_FRAMEWORK_HEADER = YES;
				CLANG_WARN_RANGE_LOOP_ANALYSIS = YES;
				CLANG_WARN_STRICT_PROTOTYPES = YES;
				CLANG_WARN_SUSPICIOUS_MOVE = YES;
				CLANG_WARN_UNGUARDED_AVAILABILITY = YES_AGGRESSIVE;
				CLANG_WARN_UNREACHABLE_CODE = YES;
				CLANG_WARN__DUPLICATE_METHOD_MATCH = YES;
				COPY_PHASE_STRIP = NO;
				DEBUG_INFORMATION_FORMAT = dwarf;
				ENABLE_STRICT_OBJC_MSGSEND = YES;
				ENABLE_TESTABILITY = YES;
				ENABLE_USER_SCRIPT_SANDBOXING = YES;
				GCC_C_LANGUAGE_STANDARD = gnu17;
				GCC_DYNAMIC_NO_PIC = NO;
				GCC_NO_COMMON_BLOCKS = YES;
				GCC_OPTIMIZATION_LEVEL = 0;
				GCC_PREPROCESSOR_DEFINITIONS = (
					"DEBUG=1",
					"$(inherited)",
				);
				GCC_WARN_64_TO_32_BIT_CONVERSION = YES;
				GCC_WARN_ABOUT_RETURN_TYPE = YES_ERROR;
				GCC_WARN_UNDECLARED_SELECTOR = YES;
				GCC_WARN_UNINITIALIZED_AUTOS = YES_AGGRESSIVE;
				GCC_WARN_UNUSED_FUNCTION = YES;
				GCC_WARN_UNUSED_VARIABLE = YES;
				IPHONEOS_DEPLOYMENT_TARGET = 17.5;
				LOCALIZATION_PREFERS_STRING_CATALOGS = YES;
				MTL_ENABLE_DEBUG_INFO = INCLUDE_SOURCE;
				MTL_FAST_MATH = YES;
				ONLY_ACTIVE_ARCH = YES;
				SDKROOT = iphoneos;
				SWIFT_ACTIVE_COMPILATION_CONDITIONS = "DEBUG $(inherited)";
				SWIFT_OPTIMIZATION_LEVEL = "-Onone";
			};
			name = Debug;
		};
		29A4375F2C2279C200F73DBA /* Release */ = {
			isa = XCBuildConfiguration;
			buildSettings = {
				ALWAYS_SEARCH_USER_PATHS = NO;
				ASSETCATALOG_COMPILER_GENERATE_SWIFT_ASSET_SYMBOL_EXTENSIONS = YES;
				CLANG_ANALYZER_NONNULL = YES;
				CLANG_ANALYZER_NUMBER_OBJECT_CONVERSION = YES_AGGRESSIVE;
				CLANG_CXX_LANGUAGE_STANDARD = "gnu++20";
				CLANG_ENABLE_MODULES = YES;
				CLANG_ENABLE_OBJC_ARC = YES;
				CLANG_ENABLE_OBJC_WEAK = YES;
				CLANG_WARN_BLOCK_CAPTURE_AUTORELEASING = YES;
				CLANG_WARN_BOOL_CONVERSION = YES;
				CLANG_WARN_COMMA = YES;
				CLANG_WARN_CONSTANT_CONVERSION = YES;
				CLANG_WARN_DEPRECATED_OBJC_IMPLEMENTATIONS = YES;
				CLANG_WARN_DIRECT_OBJC_ISA_USAGE = YES_ERROR;
				CLANG_WARN_DOCUMENTATION_COMMENTS = YES;
				CLANG_WARN_EMPTY_BODY = YES;
				CLANG_WARN_ENUM_CONVERSION = YES;
				CLANG_WARN_INFINITE_RECURSION = YES;
				CLANG_WARN_INT_CONVERSION = YES;
				CLANG_WARN_NON_LITERAL_NULL_CONVERSION = YES;
				CLANG_WARN_OBJC_IMPLICIT_RETAIN_SELF = YES;
				CLANG_WARN_OBJC_LITERAL_CONVERSION = YES;
				CLANG_WARN_OBJC_ROOT_CLASS = YES_ERROR;
				CLANG_WARN_QUOTED_INCLUDE_IN_FRAMEWORK_HEADER = YES;
				CLANG_WARN_RANGE_LOOP_ANALYSIS = YES;
				CLANG_WARN_STRICT_PROTOTYPES = YES;
				CLANG_WARN_SUSPICIOUS_MOVE = YES;
				CLANG_WARN_UNGUARDED_AVAILABILITY = YES_AGGRESSIVE;
				CLANG_WARN_UNREACHABLE_CODE = YES;
				CLANG_WARN__DUPLICATE_METHOD_MATCH = YES;
				COPY_PHASE_STRIP = NO;
				DEBUG_INFORMATION_FORMAT = "dwarf-with-dsym";
				ENABLE_NS_ASSERTIONS = NO;
				ENABLE_STRICT_OBJC_MSGSEND = YES;
				ENABLE_USER_SCRIPT_SANDBOXING = YES;
				GCC_C_LANGUAGE_STANDARD = gnu17;
				GCC_NO_COMMON_BLOCKS = YES;
				GCC_WARN_64_TO_32_BIT_CONVERSION = YES;
				GCC_WARN_ABOUT_RETURN_TYPE = YES_ERROR;
				GCC_WARN_UNDECLARED_SELECTOR = YES;
				GCC_WARN_UNINITIALIZED_AUTOS = YES_AGGRESSIVE;
				GCC_WARN_UNUSED_FUNCTION = YES;
				GCC_WARN_UNUSED_VARIABLE = YES;
				IPHONEOS_DEPLOYMENT_TARGET = 17.5;
				LOCALIZATION_PREFERS_STRING_CATALOGS = YES;
				MTL_ENABLE_DEBUG_INFO = NO;
				MTL_FAST_MATH = YES;
				SDKROOT = iphoneos;
				SWIFT_COMPILATION_MODE = wholemodule;
				VALIDATE_PRODUCT = YES;
			};
			name = Release;
		};
		29A437612C2279C200F73DBA /* Debug */ = {
			isa = XCBuildConfiguration;
			buildSettings = {
				ASSETCATALOG_COMPILER_APPICON_NAME = AppIcon;
				ASSETCATALOG_COMPILER_GLOBAL_ACCENT_COLOR_NAME = AccentColor;
				CLANG_ENABLE_MODULES = YES;
				CODE_SIGN_STYLE = Automatic;
				CURRENT_PROJECT_VERSION = 1;
				DEVELOPMENT_ASSET_PATHS = "\"newmacrotrackerfront/Preview Content\"";
				ENABLE_PREVIEWS = YES;
				GENERATE_INFOPLIST_FILE = YES;
				INFOPLIST_KEY_UIApplicationSceneManifest_Generation = YES;
				INFOPLIST_KEY_UIApplicationSupportsIndirectInputEvents = YES;
				INFOPLIST_KEY_UILaunchScreen_Generation = YES;
				INFOPLIST_KEY_UISupportedInterfaceOrientations_iPad = "UIInterfaceOrientationPortrait UIInterfaceOrientationPortraitUpsideDown UIInterfaceOrientationLandscapeLeft UIInterfaceOrientationLandscapeRight";
				INFOPLIST_KEY_UISupportedInterfaceOrientations_iPhone = "UIInterfaceOrientationPortrait UIInterfaceOrientationLandscapeLeft UIInterfaceOrientationLandscapeRight";
				LD_RUNPATH_SEARCH_PATHS = (
					"$(inherited)",
					"@executable_path/Frameworks",
				);
				MARKETING_VERSION = 1.0;
				PRODUCT_BUNDLE_IDENTIFIER = cole.newmacrotrackerfront;
				PRODUCT_NAME = "$(TARGET_NAME)";
				SWIFT_EMIT_LOC_STRINGS = YES;
				SWIFT_OPTIMIZATION_LEVEL = "-Onone";
				SWIFT_VERSION = 5.0;
				TARGETED_DEVICE_FAMILY = "1,2";
			};
			name = Debug;
		};
		29A437622C2279C200F73DBA /* Release */ = {
			isa = XCBuildConfiguration;
			buildSettings = {
				ASSETCATALOG_COMPILER_APPICON_NAME = AppIcon;
				ASSETCATALOG_COMPILER_GLOBAL_ACCENT_COLOR_NAME = AccentColor;
				CLANG_ENABLE_MODULES = YES;
				CODE_SIGN_STYLE = Automatic;
				CURRENT_PROJECT_VERSION = 1;
				DEVELOPMENT_ASSET_PATHS = "\"newmacrotrackerfront/Preview Content\"";
				ENABLE_PREVIEWS = YES;
				GENERATE_INFOPLIST_FILE = YES;
				INFOPLIST_KEY_UIApplicationSceneManifest_Generation = YES;
				INFOPLIST_KEY_UIApplicationSupportsIndirectInputEvents = YES;
				INFOPLIST_KEY_UILaunchScreen_Generation = YES;
				INFOPLIST_KEY_UISupportedInterfaceOrientations_iPad = "UIInterfaceOrientationPortrait UIInterfaceOrientationPortraitUpsideDown UIInterfaceOrientationLandscapeLeft UIInterfaceOrientationLandscapeRight";
				INFOPLIST_KEY_UISupportedInterfaceOrientations_iPhone = "UIInterfaceOrientationPortrait UIInterfaceOrientationLandscapeLeft UIInterfaceOrientationLandscapeRight";
				LD_RUNPATH_SEARCH_PATHS = (
					"$(inherited)",
					"@executable_path/Frameworks",
				);
				MARKETING_VERSION = 1.0;
				PRODUCT_BUNDLE_IDENTIFIER = cole.newmacrotrackerfront;
				PRODUCT_NAME = "$(TARGET_NAME)";
				SWIFT_EMIT_LOC_STRINGS = YES;
				SWIFT_VERSION = 5.0;
				TARGETED_DEVICE_FAMILY = "1,2";
			};
			name = Release;
		};
		29A437642C2279C200F73DBA /* Debug */ = {
			isa = XCBuildConfiguration;
			buildSettings = {
				ALWAYS_EMBED_SWIFT_STANDARD_LIBRARIES = YES;
				BUNDLE_LOADER = "$(TEST_HOST)";
				CODE_SIGN_STYLE = Automatic;
				CURRENT_PROJECT_VERSION = 1;
				GENERATE_INFOPLIST_FILE = YES;
				IPHONEOS_DEPLOYMENT_TARGET = 17.5;
				MARKETING_VERSION = 1.0;
				PRODUCT_BUNDLE_IDENTIFIER = cole.newmacrotrackerfrontTests;
				PRODUCT_NAME = "$(TARGET_NAME)";
				SWIFT_EMIT_LOC_STRINGS = NO;
				SWIFT_VERSION = 5.0;
				TARGETED_DEVICE_FAMILY = "1,2";
				TEST_HOST = "$(BUILT_PRODUCTS_DIR)/newmacrotrackerfront.app/$(BUNDLE_EXECUTABLE_FOLDER_PATH)/newmacrotrackerfront";
			};
			name = Debug;
		};
		29A437652C2279C200F73DBA /* Release */ = {
			isa = XCBuildConfiguration;
			buildSettings = {
				ALWAYS_EMBED_SWIFT_STANDARD_LIBRARIES = YES;
				BUNDLE_LOADER = "$(TEST_HOST)";
				CODE_SIGN_STYLE = Automatic;
				CURRENT_PROJECT_VERSION = 1;
				GENERATE_INFOPLIST_FILE = YES;
				IPHONEOS_DEPLOYMENT_TARGET = 17.5;
				MARKETING_VERSION = 1.0;
				PRODUCT_BUNDLE_IDENTIFIER = cole.newmacrotrackerfrontTests;
				PRODUCT_NAME = "$(TARGET_NAME)";
				SWIFT_EMIT_LOC_STRINGS = NO;
				SWIFT_VERSION = 5.0;
				TARGETED_DEVICE_FAMILY = "1,2";
				TEST_HOST = "$(BUILT_PRODUCTS_DIR)/newmacrotrackerfront.app/$(BUNDLE_EXECUTABLE_FOLDER_PATH)/newmacrotrackerfront";
			};
			name = Release;
		};
		29A437672C2279C200F73DBA /* Debug */ = {
			isa = XCBuildConfiguration;
			buildSettings = {
				ALWAYS_EMBED_SWIFT_STANDARD_LIBRARIES = YES;
				CODE_SIGN_STYLE = Automatic;
				CURRENT_PROJECT_VERSION = 1;
				GENERATE_INFOPLIST_FILE = YES;
				MARKETING_VERSION = 1.0;
				PRODUCT_BUNDLE_IDENTIFIER = cole.newmacrotrackerfrontUITests;
				PRODUCT_NAME = "$(TARGET_NAME)";
				SWIFT_EMIT_LOC_STRINGS = NO;
				SWIFT_VERSION = 5.0;
				TARGETED_DEVICE_FAMILY = "1,2";
				TEST_TARGET_NAME = newmacrotrackerfront;
			};
			name = Debug;
		};
		29A437682C2279C200F73DBA /* Release */ = {
			isa = XCBuildConfiguration;
			buildSettings = {
				ALWAYS_EMBED_SWIFT_STANDARD_LIBRARIES = YES;
				CODE_SIGN_STYLE = Automatic;
				CURRENT_PROJECT_VERSION = 1;
				GENERATE_INFOPLIST_FILE = YES;
				MARKETING_VERSION = 1.0;
				PRODUCT_BUNDLE_IDENTIFIER = cole.newmacrotrackerfrontUITests;
				PRODUCT_NAME = "$(TARGET_NAME)";
				SWIFT_EMIT_LOC_STRINGS = NO;
				SWIFT_VERSION = 5.0;
				TARGETED_DEVICE_FAMILY = "1,2";
				TEST_TARGET_NAME = newmacrotrackerfront;
			};
			name = Release;
		};
/* End XCBuildConfiguration section */

/* Begin XCConfigurationList section */
		29A437372C2279C000F73DBA /* Build configuration list for PBXProject "newmacrotrackerfront" */ = {
			isa = XCConfigurationList;
			buildConfigurations = (
				29A4375E2C2279C200F73DBA /* Debug */,
				29A4375F2C2279C200F73DBA /* Release */,
			);
			defaultConfigurationIsVisible = 0;
			defaultConfigurationName = Release;
		};
		29A437602C2279C200F73DBA /* Build configuration list for PBXNativeTarget "newmacrotrackerfront" */ = {
			isa = XCConfigurationList;
			buildConfigurations = (
				29A437612C2279C200F73DBA /* Debug */,
				29A437622C2279C200F73DBA /* Release */,
			);
			defaultConfigurationIsVisible = 0;
			defaultConfigurationName = Release;
		};
		29A437632C2279C200F73DBA /* Build configuration list for PBXNativeTarget "newmacrotrackerfrontTests" */ = {
			isa = XCConfigurationList;
			buildConfigurations = (
				29A437642C2279C200F73DBA /* Debug */,
				29A437652C2279C200F73DBA /* Release */,
			);
			defaultConfigurationIsVisible = 0;
			defaultConfigurationName = Release;
		};
		29A437662C2279C200F73DBA /* Build configuration list for PBXNativeTarget "newmacrotrackerfrontUITests" */ = {
			isa = XCConfigurationList;
			buildConfigurations = (
				29A437672C2279C200F73DBA /* Debug */,
				29A437682C2279C200F73DBA /* Release */,
			);
			defaultConfigurationIsVisible = 0;
			defaultConfigurationName = Release;
		};
/* End XCConfigurationList section */
	};
	rootObject = 29A437342C2279C000F73DBA /* Project object */;
}
